
Microsoft Visual Studio Solution File, Format Version 12.00
# Visual Studio 14
VisualStudioVersion = 14.0.25420.1
MinimumVisualStudioVersion = 10.0.40219.1
Project("{FAE04EC0-301F-11D3-BF4B-00C04F79EFBC}") = "MovieBonanza", "MovieBonanza\MovieBonanza.csproj", "{B10082EE-64DD-4F07-AF6E-B6776D9553BB}"
EndProject
Project("{2150E333-8FDC-42A3-9474-1A3956D46DE8}") = "Resources", "Resources", "{F6A31C6B-9B90-44BA-9FAA-51C826133338}"
	ProjectSection(SolutionItems) = preProject
		..\..\..\..\..\Desktop\New folder\cedar.jpg = ..\..\..\..\..\Desktop\New folder\cedar.jpg
		..\..\..\..\..\Desktop\New folder\companymen.jpg = ..\..\..\..\..\Desktop\New folder\companymen.jpg
	EndProjectSection
EndProject
Project("{2150E333-8FDC-42A3-9474-1A3956D46DE8}") = "Solution Items", "Solution Items", "{C8360225-8FE6-4F2F-B3CE-662A7DED56D3}"
EndProject
Global
	GlobalSection(SolutionConfigurationPlatforms) = preSolution
		Debug|Any CPU = Debug|Any CPU
		Release|Any CPU = Release|Any CPU
	EndGlobalSection
	GlobalSection(ProjectConfigurationPlatforms) = postSolution
		{B10082EE-64DD-4F07-AF6E-B6776D9553BB}.Debug|Any CPU.ActiveCfg = Debug|Any CPU
		{B10082EE-64DD-4F07-AF6E-B6776D9553BB}.Debug|Any CPU.Build.0 = Debug|Any CPU
		{B10082EE-64DD-4F07-AF6E-B6776D9553BB}.Release|Any CPU.ActiveCfg = Release|Any CPU
		{B10082EE-64DD-4F07-AF6E-B6776D9553BB}.Release|Any CPU.Build.0 = Release|Any CPU
	EndGlobalSection
	GlobalSection(SolutionProperties) = preSolution
		HideSolutionNode = FALSE
	EndGlobalSection
EndGlobal
